Microsoft Visual Studio Solution File, Format Version 12.00
# Visual Studio 14
VisualStudioVersion = 14.0.23107.0
MinimumVisualStudioVersion = 10.0.40219.1
Project("{8BC9CEB8-8B4A-11D0-8D11-00A0C91BC942}") = "ALL_BUILD", "ALL_BUILD.vcxproj", "{5DFF22F4-3F0E-4A17-AAAC-7CA714B3FE35}"
	ProjectSection(ProjectDependencies) = postProject
		{0F95827E-80C2-4C1F-BF19-5F7B3DB46BFE} = {0F95827E-80C2-4C1F-BF19-5F7B3DB46BFE}
		{9A93A949-B382-4333-8B51-DAAE8032C71C} = {9A93A949-B382-4333-8B51-DAAE8032C71C}
		{BA6A96B1-AD58-47CC-8B15-3A51BDE4DC98} = {BA6A96B1-AD58-47CC-8B15-3A51BDE4DC98}
	EndProjectSection
EndProject
Project("{8BC9CEB8-8B4A-11D0-8D11-00A0C91BC942}") = "INSTALL", "INSTALL.vcxproj", "{1A29C2B6-750E-4DDF-9FEE-A9C5314AC285}"
	ProjectSection(ProjectDependencies) = postProject
		{5DFF22F4-3F0E-4A17-AAAC-7CA714B3FE35} = {5DFF22F4-3F0E-4A17-AAAC-7CA714B3FE35}
	EndProjectSection
EndProject
Project("{8BC9CEB8-8B4A-11D0-8D11-00A0C91BC942}") = "PACKAGE", "PACKAGE.vcxproj", "{A04122BE-9A0B-4C90-80C3-A35D0705BCAB}"
	ProjectSection(ProjectDependencies) = postProject
		{5DFF22F4-3F0E-4A17-AAAC-7CA714B3FE35} = {5DFF22F4-3F0E-4A17-AAAC-7CA714B3FE35}
	EndProjectSection
EndProject
Project("{8BC9CEB8-8B4A-11D0-8D11-00A0C91BC942}") = "ZERO_CHECK", "ZERO_CHECK.vcxproj", "{0F95827E-80C2-4C1F-BF19-5F7B3DB46BFE}"
EndProject
Project("{8BC9CEB8-8B4A-11D0-8D11-00A0C91BC942}") = "liblz4", "liblz4.vcxproj", "{9A93A949-B382-4333-8B51-DAAE8032C71C}"
	ProjectSection(ProjectDependencies) = postProject
		{0F95827E-80C2-4C1F-BF19-5F7B3DB46BFE} = {0F95827E-80C2-4C1F-BF19-5F7B3DB46BFE}
	EndProjectSection
EndProject
Project("{8BC9CEB8-8B4A-11D0-8D11-00A0C91BC942}") = "lz4", "lz4.vcxproj", "{BA6A96B1-AD58-47CC-8B15-3A51BDE4DC98}"
	ProjectSection(ProjectDependencies) = postProject
		{0F95827E-80C2-4C1F-BF19-5F7B3DB46BFE} = {0F95827E-80C2-4C1F-BF19-5F7B3DB46BFE}
		{9A93A949-B382-4333-8B51-DAAE8032C71C} = {9A93A949-B382-4333-8B51-DAAE8032C71C}
	EndProjectSection
EndProject
Global
	GlobalSection(SolutionConfigurationPlatforms) = preSolution
		Debug|x64 = Debug|x64
		Debug|x86 = Debug|x86
		Release|x64 = Release|x64
		Release|x86 = Release|x86
	EndGlobalSection
	GlobalSection(ProjectConfigurationPlatforms) = postSolution
		{5DFF22F4-3F0E-4A17-AAAC-7CA714B3FE35}.Debug|x64.ActiveCfg = Debug|x64
		{5DFF22F4-3F0E-4A17-AAAC-7CA714B3FE35}.Debug|x64.Build.0 = Debug|x64
		{5DFF22F4-3F0E-4A17-AAAC-7CA714B3FE35}.Debug|x86.ActiveCfg = Debug|x64
		{5DFF22F4-3F0E-4A17-AAAC-7CA714B3FE35}.Release|x64.ActiveCfg = Release|x64
		{5DFF22F4-3F0E-4A17-AAAC-7CA714B3FE35}.Release|x64.Build.0 = Release|x64
		{5DFF22F4-3F0E-4A17-AAAC-7CA714B3FE35}.Release|x86.ActiveCfg = Release|x64
		{1A29C2B6-750E-4DDF-9FEE-A9C5314AC285}.Debug|x64.ActiveCfg = Debug|x64
		{1A29C2B6-750E-4DDF-9FEE-A9C5314AC285}.Debug|x86.ActiveCfg = Debug|x64
		{1A29C2B6-750E-4DDF-9FEE-A9C5314AC285}.Release|x64.ActiveCfg = Release|x64
		{1A29C2B6-750E-4DDF-9FEE-A9C5314AC285}.Release|x86.ActiveCfg = Release|x64
		{A04122BE-9A0B-4C90-80C3-A35D0705BCAB}.Debug|x64.ActiveCfg = Debug|x64
		{A04122BE-9A0B-4C90-80C3-A35D0705BCAB}.Debug|x86.ActiveCfg = Debug|x64
		{A04122BE-9A0B-4C90-80C3-A35D0705BCAB}.Release|x64.ActiveCfg = Release|x64
		{A04122BE-9A0B-4C90-80C3-A35D0705BCAB}.Release|x86.ActiveCfg = Release|x64
		{0F95827E-80C2-4C1F-BF19-5F7B3DB46BFE}.Debug|x64.ActiveCfg = Debug|x64
		{0F95827E-80C2-4C1F-BF19-5F7B3DB46BFE}.Debug|x64.Build.0 = Debug|x64
		{0F95827E-80C2-4C1F-BF19-5F7B3DB46BFE}.Debug|x86.ActiveCfg = Debug|x64
		{0F95827E-80C2-4C1F-BF19-5F7B3DB46BFE}.Release|x64.ActiveCfg = Release|x64
		{0F95827E-80C2-4C1F-BF19-5F7B3DB46BFE}.Release|x64.Build.0 = Release|x64
		{0F95827E-80C2-4C1F-BF19-5F7B3DB46BFE}.Release|x86.ActiveCfg = Release|x64
		{9A93A949-B382-4333-8B51-DAAE8032C71C}.Debug|x64.ActiveCfg = Debug|x64
		{9A93A949-B382-4333-8B51-DAAE8032C71C}.Debug|x64.Build.0 = Debug|x64
		{9A93A949-B382-4333-8B51-DAAE8032C71C}.Debug|x86.ActiveCfg = Debug|Win32
		{9A93A949-B382-4333-8B51-DAAE8032C71C}.Debug|x86.Build.0 = Debug|Win32
		{9A93A949-B382-4333-8B51-DAAE8032C71C}.Release|x64.ActiveCfg = Release|x64
		{9A93A949-B382-4333-8B51-DAAE8032C71C}.Release|x64.Build.0 = Release|x64
		{9A93A949-B382-4333-8B51-DAAE8032C71C}.Release|x86.ActiveCfg = Release|Win32
		{9A93A949-B382-4333-8B51-DAAE8032C71C}.Release|x86.Build.0 = Release|Win32
		{BA6A96B1-AD58-47CC-8B15-3A51BDE4DC98}.Debug|x64.ActiveCfg = Debug|x64
		{BA6A96B1-AD58-47CC-8B15-3A51BDE4DC98}.Debug|x64.Build.0 = Debug|x64
		{BA6A96B1-AD58-47CC-8B15-3A51BDE4DC98}.Debug|x86.ActiveCfg = Debug|x64
		{BA6A96B1-AD58-47CC-8B15-3A51BDE4DC98}.Release|x64.ActiveCfg = Release|x64
		{BA6A96B1-AD58-47CC-8B15-3A51BDE4DC98}.Release|x64.Build.0 = Release|x64
		{BA6A96B1-AD58-47CC-8B15-3A51BDE4DC98}.Release|x86.ActiveCfg = Release|x64
	EndGlobalSection
	GlobalSection(SolutionProperties) = preSolution
		HideSolutionNode = FALSE
	EndGlobalSection
EndGlobal
