<?xml version="1.0" encoding="UTF-8"?>
<Project ToolsVersion="14.0" xmlns="http://schemas.microsoft.com/developer/msbuild/2003">
  <ItemGroup>
    <CustomBuild Include="C:\Users\scott\Downloads\lz4-r131\CMakeFiles\02d175348e936087f34e12dc8c885245\generate.stamp.rule">
      <Filter>CMake Rules</Filter>
    </CustomBuild>
  </ItemGroup>
  <ItemGroup>
    <Filter Include="CMake Rules">
      <UniqueIdentifier>{834DDD81-DEA1-4F50-8188-31E6688F9AAE}</UniqueIdentifier>
    </Filter>
  </ItemGroup>
</Project>
